{
  "name": "@rxdi/lit-html",
  "version": "0.7.13",
  "lockfileVersion": 1,
  "requires": true,
  "dependencies": {
    "@rxdi/core": {
      "version": "0.7.3",
      "resolved": "https://registry.npmjs.org/@rxdi/core/-/core-0.7.3.tgz",
      "integrity": "sha512-CdQXhcKrvj6ycU/TtLYQVRNlLYRkE/w/K+s2iBMQGeNtVek/U6qo6IHtfyM41lrKaSgn1gh1STjquG76SxV+sA==",
      "dev": true,
      "requires": {
        "reflect-metadata": "0.1.13",
        "rxjs": "6.5.2",
        "systemjs": "0.21.4"
      }
    },
    "@rxdi/router": {
      "version": "0.7.3",
      "resolved": "https://registry.npmjs.org/@rxdi/router/-/router-0.7.3.tgz",
      "integrity": "sha512-e5TEowvBnUbc3XnPp8De4G+FclSNkDNn7jkd+rJCtjVCP0ypuRWZnIrz1dKdUqcInZDtXvQvpux1Laeakb7I4A==",
      "dev": true,
      "requires": {
        "@vaadin/router": "^1.2.0"
      }
    },
    "@vaadin/router": {
      "version": "1.2.1",
      "resolved": "https://registry.npmjs.org/@vaadin/router/-/router-1.2.1.tgz",
      "integrity": "sha512-0nSJXVd41HJVdkBKym0Icde/9k5EvUCq3HOVW/TDvdIFzt036Yvjp4jTSStos2OPs9KPuOaR2fx01xUz2SQkzQ==",
      "dev": true,
      "requires": {
        "@vaadin/vaadin-usage-statistics": "^2.0.1",
        "path-to-regexp": "2.2.1"
      }
    },
    "@vaadin/vaadin-development-mode-detector": {
      "version": "2.0.4",
      "resolved": "https://registry.npmjs.org/@vaadin/vaadin-development-mode-detector/-/vaadin-development-mode-detector-2.0.4.tgz",
      "integrity": "sha512-S+PaFrZpK8uBIOnIHxjntTrgumd5ztuCnZww96ydGKXgo9whXfZsbMwDuD/102a/IuPUMyF+dh/n3PbWzJ6igA==",
      "dev": true
    },
    "@vaadin/vaadin-usage-statistics": {
      "version": "2.0.4",
      "resolved": "https://registry.npmjs.org/@vaadin/vaadin-usage-statistics/-/vaadin-usage-statistics-2.0.4.tgz",
      "integrity": "sha512-W954k2x0cy7YSNgvm6g3DukjPUCf6z2V0BsMMPz2masVP34MCi8p9JUvf8FsxABx34U6TCMouxCnNXQaFxX8Og==",
      "dev": true,
      "requires": {
        "@vaadin/vaadin-development-mode-detector": "^2.0.0"
      }
    },
    "path-to-regexp": {
      "version": "2.2.1",
      "resolved": "https://registry.npmjs.org/path-to-regexp/-/path-to-regexp-2.2.1.tgz",
      "integrity": "sha512-gu9bD6Ta5bwGrrU8muHzVOBFFREpp2iRkVfhBJahwJ6p6Xw20SjT0MxLnwkjOibQmGSYhiUnf2FLe7k+jcFmGQ==",
      "dev": true
    },
    "reflect-metadata": {
      "version": "0.1.13",
      "resolved": "https://registry.npmjs.org/reflect-metadata/-/reflect-metadata-0.1.13.tgz",
      "integrity": "sha512-Ts1Y/anZELhSsjMcU605fU9RE4Oi3p5ORujwbIKXfWa+0Zxs510Qrmrce5/Jowq3cHSZSJqBjypxmHarc+vEWg==",
      "dev": true
    },
    "rxjs": {
      "version": "6.5.2",
      "resolved": "https://registry.npmjs.org/rxjs/-/rxjs-6.5.2.tgz",
      "integrity": "sha512-HUb7j3kvb7p7eCUHE3FqjoDsC1xfZQ4AHFWfTKSpZ+sAhhz5X1WX0ZuUqWbzB2QhSLp3DoLUG+hMdEDKqWo2Zg==",
      "dev": true,
      "requires": {
        "tslib": "^1.9.0"
      }
    },
    "systemjs": {
      "version": "0.21.4",
      "resolved": "https://registry.npmjs.org/systemjs/-/systemjs-0.21.4.tgz",
      "integrity": "sha512-l1O8boHjAIY5UG74Xk4B63LK9QbFxv/FkQa//GGGWaTeQoMhTsWnFrYwPWBScSF4xQFMO/+v9QB4i633h8Oytw==",
      "dev": true
    },
    "tslib": {
      "version": "1.10.0",
      "resolved": "https://registry.npmjs.org/tslib/-/tslib-1.10.0.tgz",
      "integrity": "sha512-qOebF53frne81cf0S9B41ByenJ3/IuH8yJKngAX35CmiZySA0khhkovshKK+jGCaMnVomla7gVlIcc3EvKPbTQ==",
      "dev": true
    },
    "typescript": {
      "version": "3.5.2",
      "resolved": "https://registry.npmjs.org/typescript/-/typescript-3.5.2.tgz",
      "integrity": "sha512-7KxJovlYhTX5RaRbUdkAXN1KUZ8PwWlTzQdHV6xNqvuFOs7+WBo10TQUqT19Q/Jz2hk5v9TQDIhyLhhJY4p5AA==",
      "dev": true
    }
  }
}
